# This file is automatically @generated by Cargo.
# It is not intended for manual editing.
version = 4

[[package]]
name = "warpgatesh-agent"
version = "0.1.0"
dependencies = [
 "warpgatesh-core",
]

[[package]]
name = "warpgatesh-cli"
version = "0.1.0"
dependencies = [
 "warpgatesh-core",
]

[[package]]
name = "warpgatesh-core"
version = "0.1.0"
